
Microsoft Visual Studio Solution File, Format Version 10.00
# Visual Studio 2008
Project("{8BC9CEB8-8B4A-11D0-8D11-00A0C91BC942}") = "asm_prog", "asm_prog.vcproj", "{FB004BFB-787D-4358-A786-F8055AF8F484}"
EndProject
Global
	GlobalSection(SolutionConfigurationPlatforms) = preSolution
		Debug|Win32 = Debug|Win32
		Release|Win32 = Release|Win32
	EndGlobalSection
	GlobalSection(ProjectConfigurationPlatforms) = postSolution
		{FB004BFB-787D-4358-A786-F8055AF8F484}.Debug|Win32.ActiveCfg = Debug|Win32
		{FB004BFB-787D-4358-A786-F8055AF8F484}.Debug|Win32.Build.0 = Debug|Win32
		{FB004BFB-787D-4358-A786-F8055AF8F484}.Release|Win32.ActiveCfg = Release|Win32
		{FB004BFB-787D-4358-A786-F8055AF8F484}.Release|Win32.Build.0 = Release|Win32
	EndGlobalSection
	GlobalSection(SolutionProperties) = preSolution
		HideSolutionNode = FALSE
	EndGlobalSection
EndGlobal
